
Microsoft Visual Studio Solution File, Format Version 12.00
# Visual Studio Version 16
VisualStudioVersion = 16.0.31019.35
MinimumVisualStudioVersion = 10.0.40219.1
Project("{FAE04EC0-301F-11D3-BF4B-00C04F79EFBC}") = "JotunnModStub", "JotunnModStub\JotunnModStub.csproj", "{DEAF4438-8089-40ED-8175-398E1261D45B}"
EndProject
Project("{FAE04EC0-301F-11D3-BF4B-00C04F79EFBC}") = "SeedTotem", "SeedTotem\SeedTotem.csproj", "{1C32BDAC-7394-4BFC-B5DA-C5CA18559812}"
EndProject
Project("{FAE04EC0-301F-11D3-BF4B-00C04F79EFBC}") = "SurtlingCoreOverclocking", "SurtlingCoreOverclocking\SurtlingCoreOverclocking.csproj", "{FFD858B4-CB5E-42A6-828C-A72118ADBF2A}"
EndProject
Project("{FAE04EC0-301F-11D3-BF4B-00C04F79EFBC}") = "TransparentSails", "TransparentSails\TransparentSails.csproj", "{B3EF665A-B5B6-43C2-84DC-1BD7CA36D257}"
EndProject
Global
	GlobalSection(SolutionConfigurationPlatforms) = preSolution
		Debug|Any CPU = Debug|Any CPU
		Release|Any CPU = Release|Any CPU
	EndGlobalSection
	GlobalSection(ProjectConfigurationPlatforms) = postSolution
		{DEAF4438-8089-40ED-8175-398E1261D45B}.Debug|Any CPU.ActiveCfg = Debug|Any CPU
		{DEAF4438-8089-40ED-8175-398E1261D45B}.Debug|Any CPU.Build.0 = Debug|Any CPU
		{DEAF4438-8089-40ED-8175-398E1261D45B}.Release|Any CPU.ActiveCfg = Release|Any CPU
		{DEAF4438-8089-40ED-8175-398E1261D45B}.Release|Any CPU.Build.0 = Release|Any CPU
		{1C32BDAC-7394-4BFC-B5DA-C5CA18559812}.Debug|Any CPU.ActiveCfg = Debug|Any CPU
		{1C32BDAC-7394-4BFC-B5DA-C5CA18559812}.Debug|Any CPU.Build.0 = Debug|Any CPU
		{1C32BDAC-7394-4BFC-B5DA-C5CA18559812}.Release|Any CPU.ActiveCfg = Release|Any CPU
		{1C32BDAC-7394-4BFC-B5DA-C5CA18559812}.Release|Any CPU.Build.0 = Release|Any CPU
		{FFD858B4-CB5E-42A6-828C-A72118ADBF2A}.Debug|Any CPU.ActiveCfg = Debug|Any CPU
		{FFD858B4-CB5E-42A6-828C-A72118ADBF2A}.Debug|Any CPU.Build.0 = Debug|Any CPU
		{FFD858B4-CB5E-42A6-828C-A72118ADBF2A}.Release|Any CPU.ActiveCfg = Release|Any CPU
		{FFD858B4-CB5E-42A6-828C-A72118ADBF2A}.Release|Any CPU.Build.0 = Release|Any CPU
		{B3EF665A-B5B6-43C2-84DC-1BD7CA36D257}.Debug|Any CPU.ActiveCfg = Debug|Any CPU
		{B3EF665A-B5B6-43C2-84DC-1BD7CA36D257}.Debug|Any CPU.Build.0 = Debug|Any CPU
		{B3EF665A-B5B6-43C2-84DC-1BD7CA36D257}.Release|Any CPU.ActiveCfg = Release|Any CPU
		{B3EF665A-B5B6-43C2-84DC-1BD7CA36D257}.Release|Any CPU.Build.0 = Release|Any CPU
	EndGlobalSection
	GlobalSection(SolutionProperties) = preSolution
		HideSolutionNode = FALSE
	EndGlobalSection
	GlobalSection(ExtensibilityGlobals) = postSolution
		SolutionGuid = {04FA40AF-91D5-4CE8-92ED-7530C8DF0D5E}
	EndGlobalSection
EndGlobal
