
Microsoft Visual Studio Solution File, Format Version 12.00
# Visual Studio Version 16
VisualStudioVersion = 16.0.31019.35
MinimumVisualStudioVersion = 10.0.40219.1
Project("{FAE04EC0-301F-11D3-BF4B-00C04F79EFBC}") = "JotunnModStub", "JotunnModStub\JotunnModStub.csproj", "{DEAF4438-8089-40ED-8175-398E1261D45B}"
EndProject
Project("{FAE04EC0-301F-11D3-BF4B-00C04F79EFBC}") = "SeedTotem", "SeedTotem\SeedTotem.csproj", "{1C32BDAC-7394-4BFC-B5DA-C5CA18559812}"
EndProject
Project("{FAE04EC0-301F-11D3-BF4B-00C04F79EFBC}") = "SurtlingCoreOverclocking", "SurtlingCoreOverclocking\SurtlingCoreOverclocking.csproj", "{FFD858B4-CB5E-42A6-828C-A72118ADBF2A}"
EndProject
Project("{FAE04EC0-301F-11D3-BF4B-00C04F79EFBC}") = "TransparentSails", "TransparentSails\TransparentSails.csproj", "{B3EF665A-B5B6-43C2-84DC-1BD7CA36D257}"
EndProject
Project("{FAE04EC0-301F-11D3-BF4B-00C04F79EFBC}") = "PlanBuild", "PlanBuild\PlanBuild.csproj", "{504A8E71-7B0C-42C9-BF37-DFE74B0312F4}"
EndProject
Project("{FAE04EC0-301F-11D3-BF4B-00C04F79EFBC}") = "ArmorStands", "ArmorStands\ArmorStands.csproj", "{A1B5CEDD-E21D-4C92-A055-E10EC0BE2803}"
EndProject
Project("{FAE04EC0-301F-11D3-BF4B-00C04F79EFBC}") = "AirShips", "AirShips\AirShips.csproj", "{74F6032C-0AF1-47E5-9B39-346B1C0142F5}"
EndProject
Project("{FAE04EC0-301F-11D3-BF4B-00C04F79EFBC}") = "PickThatUp", "PickThatUp\PickThatUp.csproj", "{0DB2E0E0-A324-4906-A477-38BF991F165B}"
EndProject
Project("{FAE04EC0-301F-11D3-BF4B-00C04F79EFBC}") = "HaulingCart", "HaulingCart\HaulingCart.csproj", "{99B1C055-1E65-428B-B38C-812BE0C6464D}"
EndProject
Project("{FAE04EC0-301F-11D3-BF4B-00C04F79EFBC}") = "AncientPortals", "AncientPortals\AncientPortals.csproj", "{9EA2F345-D04A-4E46-AE2A-F6E9BA39D514}"
EndProject
Project("{FAE04EC0-301F-11D3-BF4B-00C04F79EFBC}") = "CableCar", "Elevator\CableCar.csproj", "{E3CC9247-083F-4627-8B39-A4DC0972131F}"
EndProject
Project("{FAE04EC0-301F-11D3-BF4B-00C04F79EFBC}") = "VBuildHammer", "VBuildHammer\VBuildHammer.csproj", "{1005CA94-8D6C-448F-AB37-9EFB9230A594}"
EndProject
Global
	GlobalSection(SolutionConfigurationPlatforms) = preSolution
		Debug|Any CPU = Debug|Any CPU
		Release|Any CPU = Release|Any CPU
	EndGlobalSection
	GlobalSection(ProjectConfigurationPlatforms) = postSolution
		{DEAF4438-8089-40ED-8175-398E1261D45B}.Debug|Any CPU.ActiveCfg = Debug|Any CPU
		{DEAF4438-8089-40ED-8175-398E1261D45B}.Debug|Any CPU.Build.0 = Debug|Any CPU
		{DEAF4438-8089-40ED-8175-398E1261D45B}.Release|Any CPU.ActiveCfg = Release|Any CPU
		{DEAF4438-8089-40ED-8175-398E1261D45B}.Release|Any CPU.Build.0 = Release|Any CPU
		{1C32BDAC-7394-4BFC-B5DA-C5CA18559812}.Debug|Any CPU.ActiveCfg = Debug|Any CPU
		{1C32BDAC-7394-4BFC-B5DA-C5CA18559812}.Debug|Any CPU.Build.0 = Debug|Any CPU
		{1C32BDAC-7394-4BFC-B5DA-C5CA18559812}.Release|Any CPU.ActiveCfg = Release|Any CPU
		{1C32BDAC-7394-4BFC-B5DA-C5CA18559812}.Release|Any CPU.Build.0 = Release|Any CPU
		{FFD858B4-CB5E-42A6-828C-A72118ADBF2A}.Debug|Any CPU.ActiveCfg = Debug|Any CPU
		{FFD858B4-CB5E-42A6-828C-A72118ADBF2A}.Debug|Any CPU.Build.0 = Debug|Any CPU
		{FFD858B4-CB5E-42A6-828C-A72118ADBF2A}.Release|Any CPU.ActiveCfg = Release|Any CPU
		{FFD858B4-CB5E-42A6-828C-A72118ADBF2A}.Release|Any CPU.Build.0 = Release|Any CPU
		{B3EF665A-B5B6-43C2-84DC-1BD7CA36D257}.Debug|Any CPU.ActiveCfg = Debug|Any CPU
		{B3EF665A-B5B6-43C2-84DC-1BD7CA36D257}.Debug|Any CPU.Build.0 = Debug|Any CPU
		{B3EF665A-B5B6-43C2-84DC-1BD7CA36D257}.Release|Any CPU.ActiveCfg = Release|Any CPU
		{B3EF665A-B5B6-43C2-84DC-1BD7CA36D257}.Release|Any CPU.Build.0 = Release|Any CPU
		{504A8E71-7B0C-42C9-BF37-DFE74B0312F4}.Debug|Any CPU.ActiveCfg = Debug|Any CPU
		{504A8E71-7B0C-42C9-BF37-DFE74B0312F4}.Debug|Any CPU.Build.0 = Debug|Any CPU
		{504A8E71-7B0C-42C9-BF37-DFE74B0312F4}.Release|Any CPU.ActiveCfg = Release|Any CPU
		{504A8E71-7B0C-42C9-BF37-DFE74B0312F4}.Release|Any CPU.Build.0 = Release|Any CPU
		{A1B5CEDD-E21D-4C92-A055-E10EC0BE2803}.Debug|Any CPU.ActiveCfg = Debug|Any CPU
		{A1B5CEDD-E21D-4C92-A055-E10EC0BE2803}.Debug|Any CPU.Build.0 = Debug|Any CPU
		{A1B5CEDD-E21D-4C92-A055-E10EC0BE2803}.Release|Any CPU.ActiveCfg = Release|Any CPU
		{A1B5CEDD-E21D-4C92-A055-E10EC0BE2803}.Release|Any CPU.Build.0 = Release|Any CPU
		{74F6032C-0AF1-47E5-9B39-346B1C0142F5}.Debug|Any CPU.ActiveCfg = Debug|Any CPU
		{74F6032C-0AF1-47E5-9B39-346B1C0142F5}.Debug|Any CPU.Build.0 = Debug|Any CPU
		{74F6032C-0AF1-47E5-9B39-346B1C0142F5}.Release|Any CPU.ActiveCfg = Release|Any CPU
		{74F6032C-0AF1-47E5-9B39-346B1C0142F5}.Release|Any CPU.Build.0 = Release|Any CPU
		{0DB2E0E0-A324-4906-A477-38BF991F165B}.Debug|Any CPU.ActiveCfg = Debug|Any CPU
		{0DB2E0E0-A324-4906-A477-38BF991F165B}.Debug|Any CPU.Build.0 = Debug|Any CPU
		{0DB2E0E0-A324-4906-A477-38BF991F165B}.Release|Any CPU.ActiveCfg = Release|Any CPU
		{0DB2E0E0-A324-4906-A477-38BF991F165B}.Release|Any CPU.Build.0 = Release|Any CPU
		{99B1C055-1E65-428B-B38C-812BE0C6464D}.Debug|Any CPU.ActiveCfg = Debug|Any CPU
		{99B1C055-1E65-428B-B38C-812BE0C6464D}.Debug|Any CPU.Build.0 = Debug|Any CPU
		{99B1C055-1E65-428B-B38C-812BE0C6464D}.Release|Any CPU.ActiveCfg = Release|Any CPU
		{99B1C055-1E65-428B-B38C-812BE0C6464D}.Release|Any CPU.Build.0 = Release|Any CPU
		{9EA2F345-D04A-4E46-AE2A-F6E9BA39D514}.Debug|Any CPU.ActiveCfg = Debug|Any CPU
		{9EA2F345-D04A-4E46-AE2A-F6E9BA39D514}.Debug|Any CPU.Build.0 = Debug|Any CPU
		{9EA2F345-D04A-4E46-AE2A-F6E9BA39D514}.Release|Any CPU.ActiveCfg = Release|Any CPU
		{9EA2F345-D04A-4E46-AE2A-F6E9BA39D514}.Release|Any CPU.Build.0 = Release|Any CPU
		{E3CC9247-083F-4627-8B39-A4DC0972131F}.Debug|Any CPU.ActiveCfg = Debug|Any CPU
		{E3CC9247-083F-4627-8B39-A4DC0972131F}.Debug|Any CPU.Build.0 = Debug|Any CPU
		{E3CC9247-083F-4627-8B39-A4DC0972131F}.Release|Any CPU.ActiveCfg = Release|Any CPU
		{E3CC9247-083F-4627-8B39-A4DC0972131F}.Release|Any CPU.Build.0 = Release|Any CPU
		{1005CA94-8D6C-448F-AB37-9EFB9230A594}.Debug|Any CPU.ActiveCfg = Debug|Any CPU
		{1005CA94-8D6C-448F-AB37-9EFB9230A594}.Debug|Any CPU.Build.0 = Debug|Any CPU
		{1005CA94-8D6C-448F-AB37-9EFB9230A594}.Release|Any CPU.ActiveCfg = Release|Any CPU
		{1005CA94-8D6C-448F-AB37-9EFB9230A594}.Release|Any CPU.Build.0 = Release|Any CPU
	EndGlobalSection
	GlobalSection(SolutionProperties) = preSolution
		HideSolutionNode = FALSE
	EndGlobalSection
	GlobalSection(ExtensibilityGlobals) = postSolution
		SolutionGuid = {04FA40AF-91D5-4CE8-92ED-7530C8DF0D5E}
	EndGlobalSection
EndGlobal
